
Microsoft Visual Studio Solution File, Format Version 12.00
# Visual Studio Version 17
VisualStudioVersion = 17.14.36401.2 d17.14
MinimumVisualStudioVersion = 10.0.40219.1
Project("{FAE04EC0-301F-11D3-BF4B-00C04F79EFBC}") = "Practica3MVCartesaniasVS", "Practica3MVCartesaniasVS.csproj", "{3FA829AE-C301-46CC-8343-6D95C45C8339}"
EndProject
Global
	GlobalSection(SolutionConfigurationPlatforms) = preSolution
		Debug|Any CPU = Debug|Any CPU
		Release|Any CPU = Release|Any CPU
	EndGlobalSection
	GlobalSection(ProjectConfigurationPlatforms) = postSolution
		{3FA829AE-C301-46CC-8343-6D95C45C8339}.Debug|Any CPU.ActiveCfg = Debug|Any CPU
		{3FA829AE-C301-46CC-8343-6D95C45C8339}.Debug|Any CPU.Build.0 = Debug|Any CPU
		{3FA829AE-C301-46CC-8343-6D95C45C8339}.Release|Any CPU.ActiveCfg = Release|Any CPU
		{3FA829AE-C301-46CC-8343-6D95C45C8339}.Release|Any CPU.Build.0 = Release|Any CPU
	EndGlobalSection
	GlobalSection(SolutionProperties) = preSolution
		HideSolutionNode = FALSE
	EndGlobalSection
	GlobalSection(ExtensibilityGlobals) = postSolution
		SolutionGuid = {0740136D-5EA1-4A47-9BA3-F15FA1BC2B4A}
	EndGlobalSection
EndGlobal
